
Microsoft Visual Studio Solution File, Format Version 11.00
# Visual Studio 2010
Project("{FAE04EC0-301F-11D3-BF4B-00C04F79EFBC}") = "SimpleTextEditor", "SimpleTextEditor\SimpleTextEditor.csproj", "{ABA6F8BD-5B45-4633-AA91-1FDF96C23162}"
EndProject
Global
	GlobalSection(SolutionConfigurationPlatforms) = preSolution
		Debug|x86 = Debug|x86
		Release|x86 = Release|x86
	EndGlobalSection
	GlobalSection(ProjectConfigurationPlatforms) = postSolution
		{ABA6F8BD-5B45-4633-AA91-1FDF96C23162}.Debug|x86.ActiveCfg = Debug|x86
		{ABA6F8BD-5B45-4633-AA91-1FDF96C23162}.Debug|x86.Build.0 = Debug|x86
		{ABA6F8BD-5B45-4633-AA91-1FDF96C23162}.Release|x86.ActiveCfg = Release|x86
		{ABA6F8BD-5B45-4633-AA91-1FDF96C23162}.Release|x86.Build.0 = Release|x86
	EndGlobalSection
	GlobalSection(MonoDevelopProperties) = preSolution
		StartupItem = SimpleTextEditor\SimpleTextEditor.csproj
	EndGlobalSection
EndGlobal
